
Microsoft Visual Studio Solution File, Format Version 12.00
# Visual Studio Version 16
VisualStudioVersion = 16.0.32106.194
MinimumVisualStudioVersion = 10.0.40219.1
Project("{FAE04EC0-301F-11D3-BF4B-00C04F79EFBC}") = "WindowsFormsApp1", "WindowsFormsApp1\WindowsFormsApp1.csproj", "{F609203A-6497-454E-B247-001A8FF93639}"
EndProject
Global
	GlobalSection(SolutionConfigurationPlatforms) = preSolution
		Debug|Any CPU = Debug|Any CPU
		Release|Any CPU = Release|Any CPU
	EndGlobalSection
	GlobalSection(ProjectConfigurationPlatforms) = postSolution
		{F609203A-6497-454E-B247-001A8FF93639}.Debug|Any CPU.ActiveCfg = Debug|Any CPU
		{F609203A-6497-454E-B247-001A8FF93639}.Debug|Any CPU.Build.0 = Debug|Any CPU
		{F609203A-6497-454E-B247-001A8FF93639}.Release|Any CPU.ActiveCfg = Release|Any CPU
		{F609203A-6497-454E-B247-001A8FF93639}.Release|Any CPU.Build.0 = Release|Any CPU
	EndGlobalSection
	GlobalSection(SolutionProperties) = preSolution
		HideSolutionNode = FALSE
	EndGlobalSection
	GlobalSection(ExtensibilityGlobals) = postSolution
		SolutionGuid = {9194B397-4F01-4395-BD4C-2245EC3CC1BA}
	EndGlobalSection
EndGlobal
