
Microsoft Visual Studio Solution File, Format Version 12.00
# Visual Studio Version 16
VisualStudioVersion = 16.0.32106.194
MinimumVisualStudioVersion = 10.0.40219.1
Project("{FAE04EC0-301F-11D3-BF4B-00C04F79EFBC}") = "PhamTriDat", "PhamTriDat\PhamTriDat.csproj", "{34B7AF3C-A7EF-4133-97CC-D08A49812089}"
EndProject
Global
	GlobalSection(SolutionConfigurationPlatforms) = preSolution
		Debug|Any CPU = Debug|Any CPU
		Release|Any CPU = Release|Any CPU
	EndGlobalSection
	GlobalSection(ProjectConfigurationPlatforms) = postSolution
		{34B7AF3C-A7EF-4133-97CC-D08A49812089}.Debug|Any CPU.ActiveCfg = Debug|Any CPU
		{34B7AF3C-A7EF-4133-97CC-D08A49812089}.Debug|Any CPU.Build.0 = Debug|Any CPU
		{34B7AF3C-A7EF-4133-97CC-D08A49812089}.Release|Any CPU.ActiveCfg = Release|Any CPU
		{34B7AF3C-A7EF-4133-97CC-D08A49812089}.Release|Any CPU.Build.0 = Release|Any CPU
	EndGlobalSection
	GlobalSection(SolutionProperties) = preSolution
		HideSolutionNode = FALSE
	EndGlobalSection
	GlobalSection(ExtensibilityGlobals) = postSolution
		SolutionGuid = {84810B94-F4A3-4E93-884A-9830471E65D4}
	EndGlobalSection
EndGlobal
