
Microsoft Visual Studio Solution File, Format Version 12.00
# Visual Studio Version 16
VisualStudioVersion = 16.0.32106.194
MinimumVisualStudioVersion = 10.0.40219.1
Project("{FAE04EC0-301F-11D3-BF4B-00C04F79EFBC}") = "kiemtra", "kiemtra\kiemtra.csproj", "{352C442F-1363-4A97-87E6-F3AC724F1073}"
EndProject
Global
	GlobalSection(SolutionConfigurationPlatforms) = preSolution
		Debug|Any CPU = Debug|Any CPU
		Release|Any CPU = Release|Any CPU
	EndGlobalSection
	GlobalSection(ProjectConfigurationPlatforms) = postSolution
		{352C442F-1363-4A97-87E6-F3AC724F1073}.Debug|Any CPU.ActiveCfg = Debug|Any CPU
		{352C442F-1363-4A97-87E6-F3AC724F1073}.Debug|Any CPU.Build.0 = Debug|Any CPU
		{352C442F-1363-4A97-87E6-F3AC724F1073}.Release|Any CPU.ActiveCfg = Release|Any CPU
		{352C442F-1363-4A97-87E6-F3AC724F1073}.Release|Any CPU.Build.0 = Release|Any CPU
	EndGlobalSection
	GlobalSection(SolutionProperties) = preSolution
		HideSolutionNode = FALSE
	EndGlobalSection
	GlobalSection(ExtensibilityGlobals) = postSolution
		SolutionGuid = {ED8304F1-A5FA-48DC-B947-E79CE8F62639}
	EndGlobalSection
EndGlobal
