
Microsoft Visual Studio Solution File, Format Version 12.00
# Visual Studio Version 16
VisualStudioVersion = 16.0.33027.164
MinimumVisualStudioVersion = 10.0.40219.1
Project("{FAE04EC0-301F-11D3-BF4B-00C04F79EFBC}") = "cc", "cc\cc.csproj", "{79142669-54CE-4CD8-A3B9-E38E562D413A}"
EndProject
Project("{FAE04EC0-301F-11D3-BF4B-00C04F79EFBC}") = "cc2", "cc2\cc2.csproj", "{B3323C2B-80E5-40C0-B288-9D0BE7C4D214}"
EndProject
Global
	GlobalSection(SolutionConfigurationPlatforms) = preSolution
		Debug|Any CPU = Debug|Any CPU
		Release|Any CPU = Release|Any CPU
	EndGlobalSection
	GlobalSection(ProjectConfigurationPlatforms) = postSolution
		{79142669-54CE-4CD8-A3B9-E38E562D413A}.Debug|Any CPU.ActiveCfg = Debug|Any CPU
		{79142669-54CE-4CD8-A3B9-E38E562D413A}.Debug|Any CPU.Build.0 = Debug|Any CPU
		{79142669-54CE-4CD8-A3B9-E38E562D413A}.Release|Any CPU.ActiveCfg = Release|Any CPU
		{79142669-54CE-4CD8-A3B9-E38E562D413A}.Release|Any CPU.Build.0 = Release|Any CPU
		{B3323C2B-80E5-40C0-B288-9D0BE7C4D214}.Debug|Any CPU.ActiveCfg = Debug|Any CPU
		{B3323C2B-80E5-40C0-B288-9D0BE7C4D214}.Debug|Any CPU.Build.0 = Debug|Any CPU
		{B3323C2B-80E5-40C0-B288-9D0BE7C4D214}.Release|Any CPU.ActiveCfg = Release|Any CPU
		{B3323C2B-80E5-40C0-B288-9D0BE7C4D214}.Release|Any CPU.Build.0 = Release|Any CPU
	EndGlobalSection
	GlobalSection(SolutionProperties) = preSolution
		HideSolutionNode = FALSE
	EndGlobalSection
	GlobalSection(ExtensibilityGlobals) = postSolution
		SolutionGuid = {38EEBE3C-2938-4678-A9BA-57AA44B35ECE}
	EndGlobalSection
EndGlobal
