
Microsoft Visual Studio Solution File, Format Version 12.00
# Visual Studio Version 16
VisualStudioVersion = 16.0.32106.194
MinimumVisualStudioVersion = 10.0.40219.1
Project("{FAE04EC0-301F-11D3-BF4B-00C04F79EFBC}") = "ConsoleApp4", "ConsoleApp4\ConsoleApp4.csproj", "{18607E05-8561-4694-A21E-E3DF24576BAC}"
EndProject
Global
	GlobalSection(SolutionConfigurationPlatforms) = preSolution
		Debug|Any CPU = Debug|Any CPU
		Release|Any CPU = Release|Any CPU
	EndGlobalSection
	GlobalSection(ProjectConfigurationPlatforms) = postSolution
		{18607E05-8561-4694-A21E-E3DF24576BAC}.Debug|Any CPU.ActiveCfg = Debug|Any CPU
		{18607E05-8561-4694-A21E-E3DF24576BAC}.Debug|Any CPU.Build.0 = Debug|Any CPU
		{18607E05-8561-4694-A21E-E3DF24576BAC}.Release|Any CPU.ActiveCfg = Release|Any CPU
		{18607E05-8561-4694-A21E-E3DF24576BAC}.Release|Any CPU.Build.0 = Release|Any CPU
	EndGlobalSection
	GlobalSection(SolutionProperties) = preSolution
		HideSolutionNode = FALSE
	EndGlobalSection
	GlobalSection(ExtensibilityGlobals) = postSolution
		SolutionGuid = {183AFDE1-3672-4DAC-ACE4-DDE06A6C14AC}
	EndGlobalSection
EndGlobal
